
Microsoft Visual Studio Solution File, Format Version 12.00
# Visual Studio 15
VisualStudioVersion = 15.0.27703.2042
MinimumVisualStudioVersion = 10.0.40219.1
Project("{2150E333-8FDC-42A3-9474-1A3956D46DE8}") = "repoItems", "repoItems", "{20164531-29BE-4FE8-B271-56E78CF54D85}"
	ProjectSection(SolutionItems) = preProject
		.bettercodehub.yml = .bettercodehub.yml
		.gitattributes = .gitattributes
		.gitignore = .gitignore
		LICENSE = LICENSE
		README.md = README.md
	EndProjectSection
EndProject
Project("{2150E333-8FDC-42A3-9474-1A3956D46DE8}") = "src", "src", "{08B0E297-4560-4CFA-96D6-C2472AF77572}"
EndProject
Project("{2150E333-8FDC-42A3-9474-1A3956D46DE8}") = "test", "test", "{026CCD4F-66B2-4972-8AB5-E54F1FE96EBD}"
EndProject
Project("{9A19103F-16F7-4668-BE54-9A1E7A4F7556}") = "NLog.Extensions.Hosting", "src\NLog.Extensions.Hosting\NLog.Extensions.Hosting.csproj", "{3595DD9E-E805-4100-8639-4D621F9C70E6}"
EndProject
Project("{2150E333-8FDC-42A3-9474-1A3956D46DE8}") = "common", "common", "{C72FFE03-D3B4-4B59-A2F5-D1DA2C01BD8F}"
	ProjectSection(SolutionItems) = preProject
		src\NLog.Extensions.Hosting\NLog.snk = src\NLog.Extensions.Hosting\NLog.snk
	EndProjectSection
EndProject
Project("{FAE04EC0-301F-11D3-BF4B-00C04F79EFBC}") = "NLog.Extensions.Hosting.Tests", "test\NLog.Extensions.Hosting.Tests\NLog.Extensions.Hosting.Tests.csproj", "{A47D764D-C167-4BF2-BC60-D0D01EBA9742}"
EndProject
Project("{2150E333-8FDC-42A3-9474-1A3956D46DE8}") = "examples", "examples", "{C5F8C943-13FE-4D14-957E-B56DDE7A70F0}"
EndProject
Global
	GlobalSection(SolutionConfigurationPlatforms) = preSolution
		Debug|Any CPU = Debug|Any CPU
		Release|Any CPU = Release|Any CPU
	EndGlobalSection
	GlobalSection(ProjectConfigurationPlatforms) = postSolution
		{3595DD9E-E805-4100-8639-4D621F9C70E6}.Debug|Any CPU.ActiveCfg = Debug|Any CPU
		{3595DD9E-E805-4100-8639-4D621F9C70E6}.Debug|Any CPU.Build.0 = Debug|Any CPU
		{3595DD9E-E805-4100-8639-4D621F9C70E6}.Release|Any CPU.ActiveCfg = Release|Any CPU
		{3595DD9E-E805-4100-8639-4D621F9C70E6}.Release|Any CPU.Build.0 = Release|Any CPU
		{A47D764D-C167-4BF2-BC60-D0D01EBA9742}.Debug|Any CPU.ActiveCfg = Debug|Any CPU
		{A47D764D-C167-4BF2-BC60-D0D01EBA9742}.Debug|Any CPU.Build.0 = Debug|Any CPU
		{A47D764D-C167-4BF2-BC60-D0D01EBA9742}.Release|Any CPU.ActiveCfg = Release|Any CPU
		{A47D764D-C167-4BF2-BC60-D0D01EBA9742}.Release|Any CPU.Build.0 = Release|Any CPU
	EndGlobalSection
	GlobalSection(SolutionProperties) = preSolution
		HideSolutionNode = FALSE
	EndGlobalSection
	GlobalSection(NestedProjects) = preSolution
		{3595DD9E-E805-4100-8639-4D621F9C70E6} = {08B0E297-4560-4CFA-96D6-C2472AF77572}
		{C72FFE03-D3B4-4B59-A2F5-D1DA2C01BD8F} = {08B0E297-4560-4CFA-96D6-C2472AF77572}
		{A47D764D-C167-4BF2-BC60-D0D01EBA9742} = {026CCD4F-66B2-4972-8AB5-E54F1FE96EBD}
	EndGlobalSection
	GlobalSection(ExtensibilityGlobals) = postSolution
		SolutionGuid = {114BE416-1748-46FD-A1B0-CFE35BFE7DA3}
	EndGlobalSection
EndGlobal
